
Microsoft Visual Studio Solution File, Format Version 12.00
# Visual Studio Version 16
VisualStudioVersion = 16.0.31729.503
MinimumVisualStudioVersion = 10.0.40219.1
Project("{FAE04EC0-301F-11D3-BF4B-00C04F79EFBC}") = "WordAddIn1", "WordAddIn1\WordAddIn1.csproj", "{71CF2D4B-9DB8-48B9-A33F-F17140030410}"
EndProject
Global
	GlobalSection(SolutionConfigurationPlatforms) = preSolution
		Debug|Any CPU = Debug|Any CPU
		Release|Any CPU = Release|Any CPU
	EndGlobalSection
	GlobalSection(ProjectConfigurationPlatforms) = postSolution
		{71CF2D4B-9DB8-48B9-A33F-F17140030410}.Debug|Any CPU.ActiveCfg = Debug|Any CPU
		{71CF2D4B-9DB8-48B9-A33F-F17140030410}.Debug|Any CPU.Build.0 = Debug|Any CPU
		{71CF2D4B-9DB8-48B9-A33F-F17140030410}.Release|Any CPU.ActiveCfg = Release|Any CPU
		{71CF2D4B-9DB8-48B9-A33F-F17140030410}.Release|Any CPU.Build.0 = Release|Any CPU
	EndGlobalSection
	GlobalSection(SolutionProperties) = preSolution
		HideSolutionNode = FALSE
	EndGlobalSection
	GlobalSection(ExtensibilityGlobals) = postSolution
		SolutionGuid = {AC71C186-443C-456F-8505-437529DA8BFE}
	EndGlobalSection
EndGlobal
